// !$*UTF8*$!
{
	archiveVersion = 1;
	classes = {
	};
	objectVersion = 77;
	objects = {

/* Begin PBXContainerItemProxy section */
		135BA4FC2D5A6CBA003048CA /* PBXContainerItemProxy */ = {
			isa = PBXContainerItemProxy;
			containerPortal = 135BA4DD2D5A6CB9003048CA /* Project object */;
			proxyType = 1;
			remoteGlobalIDString = 135BA4E42D5A6CB9003048CA;
			remoteInfo = counterPro;
		};
		135BA5062D5A6CBA003048CA /* PBXContainerItemProxy */ = {
			isa = PBXContainerItemProxy;
			containerPortal = 135BA4DD2D5A6CB9003048CA /* Project object */;
			proxyType = 1;
			remoteGlobalIDString = 135BA4E42D5A6CB9003048CA;
			remoteInfo = counterPro;
		};
/* End PBXContainerItemProxy section */

/* Begin PBXFileReference section */
		135BA4E52D5A6CB9003048CA /* counterPro.app */ = {isa = PBXFileReference; explicitFileType = wrapper.application; includeInIndex = 0; path = counterPro.app; sourceTree = BUILT_PRODUCTS_DIR; };
		135BA4FB2D5A6CBA003048CA /* counterProTests.xctest */ = {isa = PBXFileReference; explicitFileType = wrapper.cfbundle; includeInIndex = 0; path = counterProTests.xctest; sourceTree = BUILT_PRODUCTS_DIR; };
		135BA5052D5A6CBA003048CA /* counterProUITests.xctest */ = {isa = PBXFileReference; explicitFileType = wrapper.cfbundle; includeInIndex = 0; path = counterProUITests.xctest; sourceTree = BUILT_PRODUCTS_DIR; };
/* End PBXFileReference section */

/* Begin PBXFileSystemSynchronizedBuildFileExceptionSet section */
		135BA50D2D5A6CBA003048CA /* Exceptions for "counterPro" folder in "counterPro" target */ = {
			isa = PBXFileSystemSynchronizedBuildFileExceptionSet;
			membershipExceptions = (
				Info.plist,
			);
			target = 135BA4E42D5A6CB9003048CA /* counterPro */;
		};
/* End PBXFileSystemSynchronizedBuildFileExceptionSet section */

/* Begin PBXFileSystemSynchronizedRootGroup section */
		135BA4E72D5A6CB9003048CA /* counterPro */ = {
			isa = PBXFileSystemSynchronizedRootGroup;
			exceptions = (
				135BA50D2D5A6CBA003048CA /* Exceptions for "counterPro" folder in "counterPro" target */,
			);
			path = counterPro;
			sourceTree = "<group>";
		};
		135BA4FE2D5A6CBA003048CA /* counterProTests */ = {
			isa = PBXFileSystemSynchronizedRootGroup;
			path = counterProTests;
			sourceTree = "<group>";
		};
		135BA5082D5A6CBA003048CA /* counterProUITests */ = {
			isa = PBXFileSystemSynchronizedRootGroup;
			path = counterProUITests;
			sourceTree = "<group>";
		};
/* End PBXFileSystemSynchronizedRootGroup section */

/* Begin PBXFrameworksBuildPhase section */
		135BA4E22D5A6CB9003048CA /* Frameworks */ = {
			isa = PBXFrameworksBuildPhase;
			buildActionMask = 2147483647;
			files = (
			);
			runOnlyForDeploymentPostprocessing = 0;
		};
		135BA4F82D5A6CBA003048CA /* Frameworks */ = {
			isa = PBXFrameworksBuildPhase;
			buildActionMask = 2147483647;
			files = (
			);
			runOnlyForDeploymentPostprocessing = 0;
		};
		135BA5022D5A6CBA003048CA /* Frameworks */ = {
			isa = PBXFrameworksBuildPhase;
			buildActionMask = 2147483647;
			files = (
			);
			runOnlyForDeploymentPostprocessing = 0;
		};
/* End PBXFrameworksBuildPhase section */

/* Begin PBXGroup section */
		135BA4DC2D5A6CB9003048CA = {
			isa = PBXGroup;
			children = (
				135BA4E72D5A6CB9003048CA /* counterPro */,
				135BA4FE2D5A6CBA003048CA /* counterProTests */,
				135BA5082D5A6CBA003048CA /* counterProUITests */,
				135BA4E62D5A6CB9003048CA /* Products */,
			);
			sourceTree = "<group>";
		};
		135BA4E62D5A6CB9003048CA /* Products */ = {
			isa = PBXGroup;
			children = (
				135BA4E52D5A6CB9003048CA /* counterPro.app */,
				135BA4FB2D5A6CBA003048CA /* counterProTests.xctest */,
				135BA5052D5A6CBA003048CA /* counterProUITests.xctest */,
			);
			name = Products;
			sourceTree = "<group>";
		};
/* End PBXGroup section */

/* Begin PBXNativeTarget section */
		135BA4E42D5A6CB9003048CA /* counterPro */ = {
			isa = PBXNativeTarget;
			buildConfigurationList = 135BA50E2D5A6CBA003048CA /* Build configuration list for PBXNativeTarget "counterPro" */;
			buildPhases = (
				135BA4E12D5A6CB9003048CA /* Sources */,
				135BA4E22D5A6CB9003048CA /* Frameworks */,
				135BA4E32D5A6CB9003048CA /* Resources */,
			);
			buildRules = (
			);
			dependencies = (
			);
			fileSystemSynchronizedGroups = (
				135BA4E72D5A6CB9003048CA /* counterPro */,
			);
			name = counterPro;
			packageProductDependencies = (
			);
			productName = counterPro;
			productReference = 135BA4E52D5A6CB9003048CA /* counterPro.app */;
			productType = "com.apple.product-type.application";
		};
		135BA4FA2D5A6CBA003048CA /* counterProTests */ = {
			isa = PBXNativeTarget;
			buildConfigurationList = 135BA5132D5A6CBA003048CA /* Build configuration list for PBXNativeTarget "counterProTests" */;
			buildPhases = (
				135BA4F72D5A6CBA003048CA /* Sources */,
				135BA4F82D5A6CBA003048CA /* Frameworks */,
				135BA4F92D5A6CBA003048CA /* Resources */,
			);
			buildRules = (
			);
			dependencies = (
				135BA4FD2D5A6CBA003048CA /* PBXTargetDependency */,
			);
			fileSystemSynchronizedGroups = (
				135BA4FE2D5A6CBA003048CA /* counterProTests */,
			);
			name = counterProTests;
			packageProductDependencies = (
			);
			productName = counterProTests;
			productReference = 135BA4FB2D5A6CBA003048CA /* counterProTests.xctest */;
			productType = "com.apple.product-type.bundle.unit-test";
		};
		135BA5042D5A6CBA003048CA /* counterProUITests */ = {
			isa = PBXNativeTarget;
			buildConfigurationList = 135BA5162D5A6CBA003048CA /* Build configuration list for PBXNativeTarget "counterProUITests" */;
			buildPhases = (
				135BA5012D5A6CBA003048CA /* Sources */,
				135BA5022D5A6CBA003048CA /* Frameworks */,
				135BA5032D5A6CBA003048CA /* Resources */,
			);
			buildRules = (
			);
			dependencies = (
				135BA5072D5A6CBA003048CA /* PBXTargetDependency */,
			);
			fileSystemSynchronizedGroups = (
				135BA5082D5A6CBA003048CA /* counterProUITests */,
			);
			name = counterProUITests;
			packageProductDependencies = (
			);
			productName = counterProUITests;
			productReference = 135BA5052D5A6CBA003048CA /* counterProUITests.xctest */;
			productType = "com.apple.product-type.bundle.ui-testing";
		};
/* End PBXNativeTarget section */

/* Begin PBXProject section */
		135BA4DD2D5A6CB9003048CA /* Project object */ = {
			isa = PBXProject;
			attributes = {
				BuildIndependentTargetsInParallel = 1;
				LastSwiftUpdateCheck = 1620;
				LastUpgradeCheck = 1620;
				TargetAttributes = {
					135BA4E42D5A6CB9003048CA = {
						CreatedOnToolsVersion = 16.2;
					};
					135BA4FA2D5A6CBA003048CA = {
						CreatedOnToolsVersion = 16.2;
						TestTargetID = 135BA4E42D5A6CB9003048CA;
					};
					135BA5042D5A6CBA003048CA = {
						CreatedOnToolsVersion = 16.2;
						TestTargetID = 135BA4E42D5A6CB9003048CA;
					};
				};
			};
			buildConfigurationList = 135BA4E02D5A6CB9003048CA /* Build configuration list for PBXProject "counterPro" */;
			developmentRegion = en;
			hasScannedForEncodings = 0;
			knownRegions = (
				en,
				Base,
			);
			mainGroup = 135BA4DC2D5A6CB9003048CA;
			minimizedProjectReferenceProxies = 1;
			preferredProjectObjectVersion = 77;
			productRefGroup = 135BA4E62D5A6CB9003048CA /* Products */;
			projectDirPath = "";
			projectRoot = "";
			targets = (
				135BA4E42D5A6CB9003048CA /* counterPro */,
				135BA4FA2D5A6CBA003048CA /* counterProTests */,
				135BA5042D5A6CBA003048CA /* counterProUITests */,
			);
		};
/* End PBXProject section */

/* Begin PBXResourcesBuildPhase section */
		135BA4E32D5A6CB9003048CA /* Resources */ = {
			isa = PBXResourcesBuildPhase;
			buildActionMask = 2147483647;
			files = (
			);
			runOnlyForDeploymentPostprocessing = 0;
		};
		135BA4F92D5A6CBA003048CA /* Resources */ = {
			isa = PBXResourcesBuildPhase;
			buildActionMask = 2147483647;
			files = (
			);
			runOnlyForDeploymentPostprocessing = 0;
		};
		135BA5032D5A6CBA003048CA /* Resources */ = {
			isa = PBXResourcesBuildPhase;
			buildActionMask = 2147483647;
			files = (
			);
			runOnlyForDeploymentPostprocessing = 0;
		};
/* End PBXResourcesBuildPhase section */

/* Begin PBXSourcesBuildPhase section */
		135BA4E12D5A6CB9003048CA /* Sources */ = {
			isa = PBXSourcesBuildPhase;
			buildActionMask = 2147483647;
			files = (
			);
			runOnlyForDeploymentPostprocessing = 0;
		};
		135BA4F72D5A6CBA003048CA /* Sources */ = {
			isa = PBXSourcesBuildPhase;
			buildActionMask = 2147483647;
			files = (
			);
			runOnlyForDeploymentPostprocessing = 0;
		};
		135BA5012D5A6CBA003048CA /* Sources */ = {
			isa = PBXSourcesBuildPhase;
			buildActionMask = 2147483647;
			files = (
			);
			runOnlyForDeploymentPostprocessing = 0;
		};
/* End PBXSourcesBuildPhase section */

/* Begin PBXTargetDependency section */
		135BA4FD2D5A6CBA003048CA /* PBXTargetDependency */ = {
			isa = PBXTargetDependency;
			target = 135BA4E42D5A6CB9003048CA /* counterPro */;
			targetProxy = 135BA4FC2D5A6CBA003048CA /* PBXContainerItemProxy */;
		};
		135BA5072D5A6CBA003048CA /* PBXTargetDependency */ = {
			isa = PBXTargetDependency;
			target = 135BA4E42D5A6CB9003048CA /* counterPro */;
			targetProxy = 135BA5062D5A6CBA003048CA /* PBXContainerItemProxy */;
		};
/* End PBXTargetDependency section */

/* Begin XCBuildConfiguration section */
		135BA50F2D5A6CBA003048CA /* Debug */ = {
			isa = XCBuildConfiguration;
			buildSettings = {
				ASSETCATALOG_COMPILER_APPICON_NAME = AppIcon;
				ASSETCATALOG_COMPILER_GLOBAL_ACCENT_COLOR_NAME = AccentColor;
				CODE_SIGN_STYLE = Automatic;
				CURRENT_PROJECT_VERSION = 1;
				DEVELOPMENT_TEAM = LPXT36X7TL;
				GENERATE_INFOPLIST_FILE = YES;
				INFOPLIST_FILE = counterPro/Info.plist;
				INFOPLIST_KEY_CFBundleDisplayName = Counter;
				INFOPLIST_KEY_LSApplicationCategoryType = "public.app-category.education";
				INFOPLIST_KEY_UIApplicationSupportsIndirectInputEvents = YES;
				INFOPLIST_KEY_UILaunchStoryboardName = LaunchScreen;
				INFOPLIST_KEY_UIMainStoryboardFile = Main;
				INFOPLIST_KEY_UIRequiresFullScreen = YES;
				INFOPLIST_KEY_UISupportedInterfaceOrientations = UIInterfaceOrientationPortrait;
				IPHONEOS_DEPLOYMENT_TARGET = 15.6;
				LD_RUNPATH_SEARCH_PATHS = (
					"$(inherited)",
					"@executable_path/Frameworks",
				);
				MARKETING_VERSION = 1.0;
				PRODUCT_BUNDLE_IDENTIFIER = "Temurbek-Uzakov-LLC.counterPro";
				PRODUCT_NAME = "$(TARGET_NAME)";
				SWIFT_EMIT_LOC_STRINGS = YES;
				SWIFT_VERSION = 5.0;
				TARGETED_DEVICE_FAMILY = "1,2";
			};
			name = Debug;
		};
		135BA5102D5A6CBA003048CA /* Release */ = {
			isa = XCBuildConfiguration;
			buildSettings = {
				ASSETCATALOG_COMPILER_APPICON_NAME = AppIcon;
				ASSETCATALOG_COMPILER_GLOBAL_ACCENT_COLOR_NAME = AccentColor;
				CODE_SIGN_STYLE = Automatic;
				CURRENT_PROJECT_VERSION = 1;
				DEVELOPMENT_TEAM = LPXT36X7TL;
				GENERATE_INFOPLIST_FILE = YES;
				INFOPLIST_FILE = counterPro/Info.plist;
				INFOPLIST_KEY_CFBundleDisplayName = Counter;
				INFOPLIST_KEY_LSApplicationCategoryType = "public.app-category.education";
				INFOPLIST_KEY_UIApplicationSupportsIndirectInputEvents = YES;
				INFOPLIST_KEY_UILaunchStoryboardName = LaunchScreen;
				INFOPLIST_KEY_UIMainStoryboardFile = Main;
				INFOPLIST_KEY_UIRequiresFullScreen = YES;
				INFOPLIST_KEY_UISupportedInterfaceOrientations = UIInterfaceOrientationPortrait;
				IPHONEOS_DEPLOYMENT_TARGET = 15.6;
				LD_RUNPATH_SEARCH_PATHS = (
					"$(inherited)",
					"@executable_path/Frameworks",
				);
				MARKETING_VERSION = 1.0;
				PRODUCT_BUNDLE_IDENTIFIER = "Temurbek-Uzakov-LLC.counterPro";
				PRODUCT_NAME = "$(TARGET_NAME)";
				SWIFT_EMIT_LOC_STRINGS = YES;
				SWIFT_VERSION = 5.0;
				TARGETED_DEVICE_FAMILY = "1,2";
			};
			name = Release;
		};
		135BA5112D5A6CBA003048CA /* Debug */ = {
			isa = XCBuildConfiguration;
			buildSettings = {
				ALWAYS_SEARCH_USER_PATHS = NO;
				ASSETCATALOG_COMPILER_GENERATE_SWIFT_ASSET_SYMBOL_EXTENSIONS = YES;
				CLANG_ANALYZER_NONNULL = YES;
				CLANG_ANALYZER_NUMBER_OBJECT_CONVERSION = YES_AGGRESSIVE;
				CLANG_CXX_LANGUAGE_STANDARD = "gnu++20";
				CLANG_ENABLE_MODULES = YES;
				CLANG_ENABLE_OBJC_ARC = YES;
				CLANG_ENABLE_OBJC_WEAK = YES;
				CLANG_WARN_BLOCK_CAPTURE_AUTORELEASING = YES;
				CLANG_WARN_BOOL_CONVERSION = YES;
				CLANG_WARN_COMMA = YES;
				CLANG_WARN_CONSTANT_CONVERSION = YES;
				CLANG_WARN_DEPRECATED_OBJC_IMPLEMENTATIONS = YES;
				CLANG_WARN_DIRECT_OBJC_ISA_USAGE = YES_ERROR;
				CLANG_WARN_DOCUMENTATION_COMMENTS = YES;
				CLANG_WARN_EMPTY_BODY = YES;
				CLANG_WARN_ENUM_CONVERSION = YES;
				CLANG_WARN_INFINITE_RECURSION = YES;
				CLANG_WARN_INT_CONVERSION = YES;
				CLANG_WARN_NON_LITERAL_NULL_CONVERSION = YES;
				CLANG_WARN_OBJC_IMPLICIT_RETAIN_SELF = YES;
				CLANG_WARN_OBJC_LITERAL_CONVERSION = YES;
				CLANG_WARN_OBJC_ROOT_CLASS = YES_ERROR;
				CLANG_WARN_QUOTED_INCLUDE_IN_FRAMEWORK_HEADER = YES;
				CLANG_WARN_RANGE_LOOP_ANALYSIS = YES;
				CLANG_WARN_STRICT_PROTOTYPES = YES;
				CLANG_WARN_SUSPICIOUS_MOVE = YES;
				CLANG_WARN_UNGUARDED_AVAILABILITY = YES_AGGRESSIVE;
				CLANG_WARN_UNREACHABLE_CODE = YES;
				CLANG_WARN__DUPLICATE_METHOD_MATCH = YES;
				COPY_PHASE_STRIP = NO;
				DEBUG_INFORMATION_FORMAT = dwarf;
				ENABLE_STRICT_OBJC_MSGSEND = YES;
				ENABLE_TESTABILITY = YES;
				ENABLE_USER_SCRIPT_SANDBOXING = YES;
				GCC_C_LANGUAGE_STANDARD = gnu17;
				GCC_DYNAMIC_NO_PIC = NO;
				GCC_NO_COMMON_BLOCKS = YES;
				GCC_OPTIMIZATION_LEVEL = 0;
				GCC_PREPROCESSOR_DEFINITIONS = (
					"DEBUG=1",
					"$(inherited)",
				);
				GCC_WARN_64_TO_32_BIT_CONVERSION = YES;
				GCC_WARN_ABOUT_RETURN_TYPE = YES_ERROR;
				GCC_WARN_UNDECLARED_SELECTOR = YES;
				GCC_WARN_UNINITIALIZED_AUTOS = YES_AGGRESSIVE;
				GCC_WARN_UNUSED_FUNCTION = YES;
				GCC_WARN_UNUSED_VARIABLE = YES;
				IPHONEOS_DEPLOYMENT_TARGET = 18.2;
				LOCALIZATION_PREFERS_STRING_CATALOGS = YES;
				MTL_ENABLE_DEBUG_INFO = INCLUDE_SOURCE;
				MTL_FAST_MATH = YES;
				ONLY_ACTIVE_ARCH = YES;
				SDKROOT = iphoneos;
				SWIFT_ACTIVE_COMPILATION_CONDITIONS = "DEBUG $(inherited)";
				SWIFT_OPTIMIZATION_LEVEL = "-Onone";
			};
			name = Debug;
		};
		135BA5122D5A6CBA003048CA /* Release */ = {
			isa = XCBuildConfiguration;
			buildSettings = {
				ALWAYS_SEARCH_USER_PATHS = NO;
				ASSETCATALOG_COMPILER_GENERATE_SWIFT_ASSET_SYMBOL_EXTENSIONS = YES;
				CLANG_ANALYZER_NONNULL = YES;
				CLANG_ANALYZER_NUMBER_OBJECT_CONVERSION = YES_AGGRESSIVE;
				CLANG_CXX_LANGUAGE_STANDARD = "gnu++20";
				CLANG_ENABLE_MODULES = YES;
				CLANG_ENABLE_OBJC_ARC = YES;
				CLANG_ENABLE_OBJC_WEAK = YES;
				CLANG_WARN_BLOCK_CAPTURE_AUTORELEASING = YES;
				CLANG_WARN_BOOL_CONVERSION = YES;
				CLANG_WARN_COMMA = YES;
				CLANG_WARN_CONSTANT_CONVERSION = YES;
				CLANG_WARN_DEPRECATED_OBJC_IMPLEMENTATIONS = YES;
				CLANG_WARN_DIRECT_OBJC_ISA_USAGE = YES_ERROR;
				CLANG_WARN_DOCUMENTATION_COMMENTS = YES;
				CLANG_WARN_EMPTY_BODY = YES;
				CLANG_WARN_ENUM_CONVERSION = YES;
				CLANG_WARN_INFINITE_RECURSION = YES;
				CLANG_WARN_INT_CONVERSION = YES;
				CLANG_WARN_NON_LITERAL_NULL_CONVERSION = YES;
				CLANG_WARN_OBJC_IMPLICIT_RETAIN_SELF = YES;
				CLANG_WARN_OBJC_LITERAL_CONVERSION = YES;
				CLANG_WARN_OBJC_ROOT_CLASS = YES_ERROR;
				CLANG_WARN_QUOTED_INCLUDE_IN_FRAMEWORK_HEADER = YES;
				CLANG_WARN_RANGE_LOOP_ANALYSIS = YES;
				CLANG_WARN_STRICT_PROTOTYPES = YES;
				CLANG_WARN_SUSPICIOUS_MOVE = YES;
				CLANG_WARN_UNGUARDED_AVAILABILITY = YES_AGGRESSIVE;
				CLANG_WARN_UNREACHABLE_CODE = YES;
				CLANG_WARN__DUPLICATE_METHOD_MATCH = YES;
				COPY_PHASE_STRIP = NO;
				DEBUG_INFORMATION_FORMAT = "dwarf-with-dsym";
				ENABLE_NS_ASSERTIONS = NO;
				ENABLE_STRICT_OBJC_MSGSEND = YES;
				ENABLE_USER_SCRIPT_SANDBOXING = YES;
				GCC_C_LANGUAGE_STANDARD = gnu17;
				GCC_NO_COMMON_BLOCKS = YES;
				GCC_WARN_64_TO_32_BIT_CONVERSION = YES;
				GCC_WARN_ABOUT_RETURN_TYPE = YES_ERROR;
				GCC_WARN_UNDECLARED_SELECTOR = YES;
				GCC_WARN_UNINITIALIZED_AUTOS = YES_AGGRESSIVE;
				GCC_WARN_UNUSED_FUNCTION = YES;
				GCC_WARN_UNUSED_VARIABLE = YES;
				IPHONEOS_DEPLOYMENT_TARGET = 18.2;
				LOCALIZATION_PREFERS_STRING_CATALOGS = YES;
				MTL_ENABLE_DEBUG_INFO = NO;
				MTL_FAST_MATH = YES;
				SDKROOT = iphoneos;
				SWIFT_COMPILATION_MODE = wholemodule;
				VALIDATE_PRODUCT = YES;
			};
			name = Release;
		};
		135BA5142D5A6CBA003048CA /* Debug */ = {
			isa = XCBuildConfiguration;
			buildSettings = {
				BUNDLE_LOADER = "$(TEST_HOST)";
				CODE_SIGN_STYLE = Automatic;
				CURRENT_PROJECT_VERSION = 1;
				DEVELOPMENT_TEAM = LPXT36X7TL;
				GENERATE_INFOPLIST_FILE = YES;
				IPHONEOS_DEPLOYMENT_TARGET = 18.2;
				MARKETING_VERSION = 1.0;
				PRODUCT_BUNDLE_IDENTIFIER = "Temurbek-Uzakov-LLC.counterProTests";
				PRODUCT_NAME = "$(TARGET_NAME)";
				SWIFT_EMIT_LOC_STRINGS = NO;
				SWIFT_VERSION = 5.0;
				TARGETED_DEVICE_FAMILY = "1,2";
				TEST_HOST = "$(BUILT_PRODUCTS_DIR)/counterPro.app/$(BUNDLE_EXECUTABLE_FOLDER_PATH)/counterPro";
			};
			name = Debug;
		};
		135BA5152D5A6CBA003048CA /* Release */ = {
			isa = XCBuildConfiguration;
			buildSettings = {
				BUNDLE_LOADER = "$(TEST_HOST)";
				CODE_SIGN_STYLE = Automatic;
				CURRENT_PROJECT_VERSION = 1;
				DEVELOPMENT_TEAM = LPXT36X7TL;
				GENERATE_INFOPLIST_FILE = YES;
				IPHONEOS_DEPLOYMENT_TARGET = 18.2;
				MARKETING_VERSION = 1.0;
				PRODUCT_BUNDLE_IDENTIFIER = "Temurbek-Uzakov-LLC.counterProTests";
				PRODUCT_NAME = "$(TARGET_NAME)";
				SWIFT_EMIT_LOC_STRINGS = NO;
				SWIFT_VERSION = 5.0;
				TARGETED_DEVICE_FAMILY = "1,2";
				TEST_HOST = "$(BUILT_PRODUCTS_DIR)/counterPro.app/$(BUNDLE_EXECUTABLE_FOLDER_PATH)/counterPro";
			};
			name = Release;
		};
		135BA5172D5A6CBA003048CA /* Debug */ = {
			isa = XCBuildConfiguration;
			buildSettings = {
				CODE_SIGN_STYLE = Automatic;
				CURRENT_PROJECT_VERSION = 1;
				DEVELOPMENT_TEAM = LPXT36X7TL;
				GENERATE_INFOPLIST_FILE = YES;
				MARKETING_VERSION = 1.0;
				PRODUCT_BUNDLE_IDENTIFIER = "Temurbek-Uzakov-LLC.counterProUITests";
				PRODUCT_NAME = "$(TARGET_NAME)";
				SWIFT_EMIT_LOC_STRINGS = NO;
				SWIFT_VERSION = 5.0;
				TARGETED_DEVICE_FAMILY = "1,2";
				TEST_TARGET_NAME = counterPro;
			};
			name = Debug;
		};
		135BA5182D5A6CBA003048CA /* Release */ = {
			isa = XCBuildConfiguration;
			buildSettings = {
				CODE_SIGN_STYLE = Automatic;
				CURRENT_PROJECT_VERSION = 1;
				DEVELOPMENT_TEAM = LPXT36X7TL;
				GENERATE_INFOPLIST_FILE = YES;
				MARKETING_VERSION = 1.0;
				PRODUCT_BUNDLE_IDENTIFIER = "Temurbek-Uzakov-LLC.counterProUITests";
				PRODUCT_NAME = "$(TARGET_NAME)";
				SWIFT_EMIT_LOC_STRINGS = NO;
				SWIFT_VERSION = 5.0;
				TARGETED_DEVICE_FAMILY = "1,2";
				TEST_TARGET_NAME = counterPro;
			};
			name = Release;
		};
/* End XCBuildConfiguration section */

/* Begin XCConfigurationList section */
		135BA4E02D5A6CB9003048CA /* Build configuration list for PBXProject "counterPro" */ = {
			isa = XCConfigurationList;
			buildConfigurations = (
				135BA5112D5A6CBA003048CA /* Debug */,
				135BA5122D5A6CBA003048CA /* Release */,
			);
			defaultConfigurationIsVisible = 0;
			defaultConfigurationName = Release;
		};
		135BA50E2D5A6CBA003048CA /* Build configuration list for PBXNativeTarget "counterPro" */ = {
			isa = XCConfigurationList;
			buildConfigurations = (
				135BA50F2D5A6CBA003048CA /* Debug */,
				135BA5102D5A6CBA003048CA /* Release */,
			);
			defaultConfigurationIsVisible = 0;
			defaultConfigurationName = Release;
		};
		135BA5132D5A6CBA003048CA /* Build configuration list for PBXNativeTarget "counterProTests" */ = {
			isa = XCConfigurationList;
			buildConfigurations = (
				135BA5142D5A6CBA003048CA /* Debug */,
				135BA5152D5A6CBA003048CA /* Release */,
			);
			defaultConfigurationIsVisible = 0;
			defaultConfigurationName = Release;
		};
		135BA5162D5A6CBA003048CA /* Build configuration list for PBXNativeTarget "counterProUITests" */ = {
			isa = XCConfigurationList;
			buildConfigurations = (
				135BA5172D5A6CBA003048CA /* Debug */,
				135BA5182D5A6CBA003048CA /* Release */,
			);
			defaultConfigurationIsVisible = 0;
			defaultConfigurationName = Release;
		};
/* End XCConfigurationList section */
	};
	rootObject = 135BA4DD2D5A6CB9003048CA /* Project object */;
}
